
Microsoft Visual Studio Solution File, Format Version 12.00
# Visual Studio Version 16
VisualStudioVersion = 16.0.30204.135
MinimumVisualStudioVersion = 10.0.40219.1
Project("{9A19103F-16F7-4668-BE54-9A1E7A4F7556}") = "MasterServer", "MasterServer\MasterServer.csproj", "{D7AAE585-370B-4E0B-99C7-A4E2F05EE900}"
EndProject
Global
	GlobalSection(SolutionConfigurationPlatforms) = preSolution
		Debug|Any CPU = Debug|Any CPU
		Release|Any CPU = Release|Any CPU
	EndGlobalSection
	GlobalSection(ProjectConfigurationPlatforms) = postSolution
		{D7AAE585-370B-4E0B-99C7-A4E2F05EE900}.Debug|Any CPU.ActiveCfg = Release|Any CPU
		{D7AAE585-370B-4E0B-99C7-A4E2F05EE900}.Debug|Any CPU.Build.0 = Release|Any CPU
		{D7AAE585-370B-4E0B-99C7-A4E2F05EE900}.Release|Any CPU.ActiveCfg = Release|Any CPU
		{D7AAE585-370B-4E0B-99C7-A4E2F05EE900}.Release|Any CPU.Build.0 = Release|Any CPU
	EndGlobalSection
	GlobalSection(SolutionProperties) = preSolution
		HideSolutionNode = FALSE
	EndGlobalSection
	GlobalSection(ExtensibilityGlobals) = postSolution
		SolutionGuid = {5CD3F9C3-45CB-450F-946B-B50FBC003A0C}
	EndGlobalSection
EndGlobal
